// !$*UTF8*$!
{
	archiveVersion = 1;
	classes = {
	};
	objectVersion = 50;
	objects = {

/* Begin PBXBuildFile section */
		300D4C7A25828C690038E0CB /* lat.cpp in Sources */ = {isa = PBXBuildFile; fileRef = 300D4C7825828C690038E0CB /* lat.cpp */; };
		3039EAB4255D9E6C0052138E /* geometry.cpp in Sources */ = {isa = PBXBuildFile; fileRef = 3039EAB3255D9E6C0052138E /* geometry.cpp */; };
		3039EABC255D9EBA0052138E /* SDL2.framework in Frameworks */ = {isa = PBXBuildFile; fileRef = 3039EABB255D9EBA0052138E /* SDL2.framework */; };
		30BD68F12588EB30006A10B1 /* Board.cpp in Sources */ = {isa = PBXBuildFile; fileRef = 30BD68EF2588EB30006A10B1 /* Board.cpp */; };
		30BD68F42588EBB0006A10B1 /* DotTexture.cpp in Sources */ = {isa = PBXBuildFile; fileRef = 30BD68F22588EBB0006A10B1 /* DotTexture.cpp */; };
		30BD68F72588F090006A10B1 /* GameManager.cpp in Sources */ = {isa = PBXBuildFile; fileRef = 30BD68F52588F090006A10B1 /* GameManager.cpp */; };
		30BD68FA2588F4F4006A10B1 /* Main.cpp in Sources */ = {isa = PBXBuildFile; fileRef = 30BD68F82588F4F4006A10B1 /* Main.cpp */; };
		30F22D862582796800A4DAFB /* lp.cpp in Sources */ = {isa = PBXBuildFile; fileRef = 30F22D842582796800A4DAFB /* lp.cpp */; };
		30F22D8A2582829800A4DAFB /* SDL2_image.framework in Frameworks */ = {isa = PBXBuildFile; fileRef = 30F22D892582829800A4DAFB /* SDL2_image.framework */; };
		30FD420B258346DD007EA5CF /* color_key.cpp in Sources */ = {isa = PBXBuildFile; fileRef = 30FD420A258346DD007EA5CF /* color_key.cpp */; };
		30FD421025837514007EA5CF /* sprite_render.cpp in Sources */ = {isa = PBXBuildFile; fileRef = 30FD420F25837514007EA5CF /* sprite_render.cpp */; };
		30FD421225837DDB007EA5CF /* set_color.cpp in Sources */ = {isa = PBXBuildFile; fileRef = 30FD421125837DDB007EA5CF /* set_color.cpp */; };
		30FD42152584D9EF007EA5CF /* test.cpp in Sources */ = {isa = PBXBuildFile; fileRef = 30FD42142584D9EF007EA5CF /* test.cpp */; };
/* End PBXBuildFile section */

/* Begin PBXCopyFilesBuildPhase section */
		3039EAAE255D9E6B0052138E /* CopyFiles */ = {
			isa = PBXCopyFilesBuildPhase;
			buildActionMask = 2147483647;
			dstPath = /usr/share/man/man1/;
			dstSubfolderSpec = 0;
			files = (
			);
			runOnlyForDeploymentPostprocessing = 1;
		};
/* End PBXCopyFilesBuildPhase section */

/* Begin PBXFileReference section */
		300D4C7825828C690038E0CB /* lat.cpp */ = {isa = PBXFileReference; lastKnownFileType = sourcecode.cpp.cpp; path = lat.cpp; sourceTree = "<group>"; };
		300D4C7925828C690038E0CB /* lat.hpp */ = {isa = PBXFileReference; lastKnownFileType = sourcecode.cpp.h; path = lat.hpp; sourceTree = "<group>"; };
		3039EAB0255D9E6C0052138E /* SDL_tutorial */ = {isa = PBXFileReference; explicitFileType = "compiled.mach-o.executable"; includeInIndex = 0; path = SDL_tutorial; sourceTree = BUILT_PRODUCTS_DIR; };
		3039EAB3255D9E6C0052138E /* geometry.cpp */ = {isa = PBXFileReference; lastKnownFileType = sourcecode.cpp.cpp; path = geometry.cpp; sourceTree = "<group>"; };
		3039EABB255D9EBA0052138E /* SDL2.framework */ = {isa = PBXFileReference; lastKnownFileType = wrapper.framework; name = SDL2.framework; path = ../../../../Volumes/SDL2/SDL2.framework; sourceTree = "<group>"; };
		30BD68E22588D0F4006A10B1 /* c4.png */ = {isa = PBXFileReference; lastKnownFileType = image.png; path = c4.png; sourceTree = "<group>"; };
		30BD68E32588D21F006A10B1 /* rouge.png */ = {isa = PBXFileReference; lastKnownFileType = image.png; path = rouge.png; sourceTree = "<group>"; };
		30BD68E42588D6E9006A10B1 /* c5.png */ = {isa = PBXFileReference; lastKnownFileType = image.png; path = c5.png; sourceTree = "<group>"; };
		30BD68E62588EB0D006A10B1 /* background.png */ = {isa = PBXFileReference; lastKnownFileType = image.png; name = background.png; path = ../../../background.png; sourceTree = "<group>"; };
		30BD68E72588EB0E006A10B1 /* board.png */ = {isa = PBXFileReference; lastKnownFileType = image.png; name = board.png; path = ../../../SDL_Tuts/board.png; sourceTree = "<group>"; };
		30BD68E82588EB0E006A10B1 /* foo.png */ = {isa = PBXFileReference; lastKnownFileType = image.png; name = foo.png; path = ../../../foo.png; sourceTree = "<group>"; };
		30BD68E92588EB11006A10B1 /* board.png */ = {isa = PBXFileReference; lastKnownFileType = image.png; name = board.png; path = ../../../SDL_Tuts/board.png; sourceTree = "<group>"; };
		30BD68EA2588EB11006A10B1 /* background.png */ = {isa = PBXFileReference; lastKnownFileType = image.png; name = background.png; path = ../../../background.png; sourceTree = "<group>"; };
		30BD68EB2588EB11006A10B1 /* foo.png */ = {isa = PBXFileReference; lastKnownFileType = image.png; name = foo.png; path = ../../../foo.png; sourceTree = "<group>"; };
		30BD68EC2588EB14006A10B1 /* background.png */ = {isa = PBXFileReference; lastKnownFileType = image.png; name = background.png; path = ../../../background.png; sourceTree = "<group>"; };
		30BD68ED2588EB14006A10B1 /* board.png */ = {isa = PBXFileReference; lastKnownFileType = image.png; name = board.png; path = ../../../SDL_Tuts/board.png; sourceTree = "<group>"; };
		30BD68EE2588EB15006A10B1 /* foo.png */ = {isa = PBXFileReference; lastKnownFileType = image.png; name = foo.png; path = ../../../foo.png; sourceTree = "<group>"; };
		30BD68EF2588EB30006A10B1 /* Board.cpp */ = {isa = PBXFileReference; lastKnownFileType = sourcecode.cpp.cpp; path = Board.cpp; sourceTree = "<group>"; };
		30BD68F02588EB30006A10B1 /* Board.hpp */ = {isa = PBXFileReference; lastKnownFileType = sourcecode.cpp.h; path = Board.hpp; sourceTree = "<group>"; };
		30BD68F22588EBB0006A10B1 /* DotTexture.cpp */ = {isa = PBXFileReference; lastKnownFileType = sourcecode.cpp.cpp; path = DotTexture.cpp; sourceTree = "<group>"; };
		30BD68F32588EBB0006A10B1 /* DotTexture.hpp */ = {isa = PBXFileReference; lastKnownFileType = sourcecode.cpp.h; path = DotTexture.hpp; sourceTree = "<group>"; };
		30BD68F52588F090006A10B1 /* GameManager.cpp */ = {isa = PBXFileReference; lastKnownFileType = sourcecode.cpp.cpp; path = GameManager.cpp; sourceTree = "<group>"; };
		30BD68F62588F090006A10B1 /* GameManager.hpp */ = {isa = PBXFileReference; lastKnownFileType = sourcecode.cpp.h; path = GameManager.hpp; sourceTree = "<group>"; };
		30BD68F82588F4F4006A10B1 /* Main.cpp */ = {isa = PBXFileReference; lastKnownFileType = sourcecode.cpp.cpp; path = Main.cpp; sourceTree = "<group>"; };
		30BD68F92588F4F4006A10B1 /* Main.hpp */ = {isa = PBXFileReference; lastKnownFileType = sourcecode.cpp.h; path = Main.hpp; sourceTree = "<group>"; };
		30BD68FB25890296006A10B1 /* dots.png */ = {isa = PBXFileReference; lastKnownFileType = image.png; name = dots.png; path = /Users/shroy/Desktop/SDL_tutorial/SDL_tutorial/../../SDL_Tuts/dots.png; sourceTree = "<absolute>"; };
		30BD68FC258940C7006A10B1 /* rouge.png */ = {isa = PBXFileReference; lastKnownFileType = image.png; name = rouge.png; path = /Users/shroy/Desktop/SDL_tutorial/SDL_tutorial/rouge.png; sourceTree = "<absolute>"; };
		30F22D842582796800A4DAFB /* lp.cpp */ = {isa = PBXFileReference; lastKnownFileType = sourcecode.cpp.cpp; path = lp.cpp; sourceTree = "<group>"; };
		30F22D872582826300A4DAFB /* Frameworks */ = {isa = PBXFileReference; lastKnownFileType = folder; name = Frameworks; path = ../../../../Volumes/SDL2_image/SDL2_image.framework/Frameworks; sourceTree = "<group>"; };
		30F22D892582829800A4DAFB /* SDL2_image.framework */ = {isa = PBXFileReference; lastKnownFileType = wrapper.framework; name = SDL2_image.framework; path = ../../../../Library/Frameworks/SDL2_image.framework; sourceTree = "<group>"; };
		30FD420A258346DD007EA5CF /* color_key.cpp */ = {isa = PBXFileReference; lastKnownFileType = sourcecode.cpp.cpp; path = color_key.cpp; sourceTree = "<group>"; };
		30FD420E258374E5007EA5CF /* dots.png */ = {isa = PBXFileReference; lastKnownFileType = image.png; name = dots.png; path = /Users/shroy/Desktop/SDL_tutorial/SDL_tutorial/dots.png; sourceTree = "<absolute>"; };
		30FD420F25837514007EA5CF /* sprite_render.cpp */ = {isa = PBXFileReference; lastKnownFileType = sourcecode.cpp.cpp; path = sprite_render.cpp; sourceTree = "<group>"; };
		30FD421125837DDB007EA5CF /* set_color.cpp */ = {isa = PBXFileReference; lastKnownFileType = sourcecode.cpp.cpp; path = set_color.cpp; sourceTree = "<group>"; };
		30FD4213258381F9007EA5CF /* colors.png */ = {isa = PBXFileReference; lastKnownFileType = image.png; path = colors.png; sourceTree = "<group>"; };
		30FD42142584D9EF007EA5CF /* test.cpp */ = {isa = PBXFileReference; lastKnownFileType = sourcecode.cpp.cpp; path = test.cpp; sourceTree = "<group>"; };
/* End PBXFileReference section */

/* Begin PBXFrameworksBuildPhase section */
		3039EAAD255D9E6B0052138E /* Frameworks */ = {
			isa = PBXFrameworksBuildPhase;
			buildActionMask = 2147483647;
			files = (
				30F22D8A2582829800A4DAFB /* SDL2_image.framework in Frameworks */,
				3039EABC255D9EBA0052138E /* SDL2.framework in Frameworks */,
			);
			runOnlyForDeploymentPostprocessing = 0;
		};
/* End PBXFrameworksBuildPhase section */

/* Begin PBXGroup section */
		3039EAA7255D9E6B0052138E = {
			isa = PBXGroup;
			children = (
				3039EAB2255D9E6C0052138E /* SDL_tutorial */,
				3039EAB1255D9E6C0052138E /* Products */,
				3039EABA255D9EBA0052138E /* Frameworks */,
			);
			sourceTree = "<group>";
		};
		3039EAB1255D9E6C0052138E /* Products */ = {
			isa = PBXGroup;
			children = (
				3039EAB0255D9E6C0052138E /* SDL_tutorial */,
			);
			name = Products;
			sourceTree = "<group>";
		};
		3039EAB2255D9E6C0052138E /* SDL_tutorial */ = {
			isa = PBXGroup;
			children = (
				30BD68FC258940C7006A10B1 /* rouge.png */,
				30BD68FB25890296006A10B1 /* dots.png */,
				30BD68E52588EAF6006A10B1 /* files */,
				30BD68EF2588EB30006A10B1 /* Board.cpp */,
				30BD68F02588EB30006A10B1 /* Board.hpp */,
				30BD68F22588EBB0006A10B1 /* DotTexture.cpp */,
				30BD68F32588EBB0006A10B1 /* DotTexture.hpp */,
				30BD68F52588F090006A10B1 /* GameManager.cpp */,
				30BD68F62588F090006A10B1 /* GameManager.hpp */,
				30BD68F82588F4F4006A10B1 /* Main.cpp */,
				30BD68F92588F4F4006A10B1 /* Main.hpp */,
			);
			path = SDL_tutorial;
			sourceTree = "<group>";
		};
		3039EABA255D9EBA0052138E /* Frameworks */ = {
			isa = PBXGroup;
			children = (
				30F22D892582829800A4DAFB /* SDL2_image.framework */,
				30F22D872582826300A4DAFB /* Frameworks */,
				3039EABB255D9EBA0052138E /* SDL2.framework */,
			);
			name = Frameworks;
			sourceTree = "<group>";
		};
		30BD68E52588EAF6006A10B1 /* files */ = {
			isa = PBXGroup;
			children = (
				30BD68EA2588EB11006A10B1 /* background.png */,
				30BD68EB2588EB11006A10B1 /* foo.png */,
				30BD68EE2588EB15006A10B1 /* foo.png */,
				30BD68E92588EB11006A10B1 /* board.png */,
				30BD68EC2588EB14006A10B1 /* background.png */,
				30BD68ED2588EB14006A10B1 /* board.png */,
				30BD68E42588D6E9006A10B1 /* c5.png */,
				30BD68E32588D21F006A10B1 /* rouge.png */,
				30BD68E22588D0F4006A10B1 /* c4.png */,
				30FD4213258381F9007EA5CF /* colors.png */,
				30FD420E258374E5007EA5CF /* dots.png */,
				30BD68E62588EB0D006A10B1 /* background.png */,
				30BD68E82588EB0E006A10B1 /* foo.png */,
				30BD68E72588EB0E006A10B1 /* board.png */,
				3039EAB3255D9E6C0052138E /* geometry.cpp */,
				30F22D842582796800A4DAFB /* lp.cpp */,
				300D4C7825828C690038E0CB /* lat.cpp */,
				300D4C7925828C690038E0CB /* lat.hpp */,
				30FD420A258346DD007EA5CF /* color_key.cpp */,
				30FD420F25837514007EA5CF /* sprite_render.cpp */,
				30FD421125837DDB007EA5CF /* set_color.cpp */,
				30FD42142584D9EF007EA5CF /* test.cpp */,
			);
			path = files;
			sourceTree = "<group>";
		};
/* End PBXGroup section */

/* Begin PBXNativeTarget section */
		3039EAAF255D9E6B0052138E /* SDL_tutorial */ = {
			isa = PBXNativeTarget;
			buildConfigurationList = 3039EAB7255D9E6C0052138E /* Build configuration list for PBXNativeTarget "SDL_tutorial" */;
			buildPhases = (
				3039EAAC255D9E6B0052138E /* Sources */,
				3039EAAD255D9E6B0052138E /* Frameworks */,
				3039EAAE255D9E6B0052138E /* CopyFiles */,
			);
			buildRules = (
			);
			dependencies = (
			);
			name = SDL_tutorial;
			productName = SDL_tutorial;
			productReference = 3039EAB0255D9E6C0052138E /* SDL_tutorial */;
			productType = "com.apple.product-type.tool";
		};
/* End PBXNativeTarget section */

/* Begin PBXProject section */
		3039EAA8255D9E6B0052138E /* Project object */ = {
			isa = PBXProject;
			attributes = {
				LastUpgradeCheck = 1160;
				ORGANIZATIONNAME = "Shilpi Roy";
				TargetAttributes = {
					3039EAAF255D9E6B0052138E = {
						CreatedOnToolsVersion = 11.6;
					};
				};
			};
			buildConfigurationList = 3039EAAB255D9E6B0052138E /* Build configuration list for PBXProject "SDL_tutorial" */;
			compatibilityVersion = "Xcode 9.3";
			developmentRegion = en;
			hasScannedForEncodings = 0;
			knownRegions = (
				en,
				Base,
			);
			mainGroup = 3039EAA7255D9E6B0052138E;
			productRefGroup = 3039EAB1255D9E6C0052138E /* Products */;
			projectDirPath = "";
			projectRoot = "";
			targets = (
				3039EAAF255D9E6B0052138E /* SDL_tutorial */,
			);
		};
/* End PBXProject section */

/* Begin PBXSourcesBuildPhase section */
		3039EAAC255D9E6B0052138E /* Sources */ = {
			isa = PBXSourcesBuildPhase;
			buildActionMask = 2147483647;
			files = (
				300D4C7A25828C690038E0CB /* lat.cpp in Sources */,
				30BD68F72588F090006A10B1 /* GameManager.cpp in Sources */,
				30FD421025837514007EA5CF /* sprite_render.cpp in Sources */,
				30BD68F12588EB30006A10B1 /* Board.cpp in Sources */,
				30FD420B258346DD007EA5CF /* color_key.cpp in Sources */,
				3039EAB4255D9E6C0052138E /* geometry.cpp in Sources */,
				30BD68FA2588F4F4006A10B1 /* Main.cpp in Sources */,
				30BD68F42588EBB0006A10B1 /* DotTexture.cpp in Sources */,
				30FD421225837DDB007EA5CF /* set_color.cpp in Sources */,
				30FD42152584D9EF007EA5CF /* test.cpp in Sources */,
				30F22D862582796800A4DAFB /* lp.cpp in Sources */,
			);
			runOnlyForDeploymentPostprocessing = 0;
		};
/* End PBXSourcesBuildPhase section */

/* Begin XCBuildConfiguration section */
		3039EAB5255D9E6C0052138E /* Debug */ = {
			isa = XCBuildConfiguration;
			buildSettings = {
				ALWAYS_SEARCH_USER_PATHS = NO;
				CLANG_ANALYZER_NONNULL = YES;
				CLANG_ANALYZER_NUMBER_OBJECT_CONVERSION = YES_AGGRESSIVE;
				CLANG_CXX_LANGUAGE_STANDARD = "gnu++14";
				CLANG_CXX_LIBRARY = "libc++";
				CLANG_ENABLE_MODULES = YES;
				CLANG_ENABLE_OBJC_ARC = YES;
				CLANG_ENABLE_OBJC_WEAK = YES;
				CLANG_WARN_BLOCK_CAPTURE_AUTORELEASING = YES;
				CLANG_WARN_BOOL_CONVERSION = YES;
				CLANG_WARN_COMMA = YES;
				CLANG_WARN_CONSTANT_CONVERSION = YES;
				CLANG_WARN_DEPRECATED_OBJC_IMPLEMENTATIONS = YES;
				CLANG_WARN_DIRECT_OBJC_ISA_USAGE = YES_ERROR;
				CLANG_WARN_DOCUMENTATION_COMMENTS = YES;
				CLANG_WARN_EMPTY_BODY = YES;
				CLANG_WARN_ENUM_CONVERSION = YES;
				CLANG_WARN_INFINITE_RECURSION = YES;
				CLANG_WARN_INT_CONVERSION = YES;
				CLANG_WARN_NON_LITERAL_NULL_CONVERSION = YES;
				CLANG_WARN_OBJC_IMPLICIT_RETAIN_SELF = YES;
				CLANG_WARN_OBJC_LITERAL_CONVERSION = YES;
				CLANG_WARN_OBJC_ROOT_CLASS = YES_ERROR;
				CLANG_WARN_RANGE_LOOP_ANALYSIS = YES;
				CLANG_WARN_STRICT_PROTOTYPES = YES;
				CLANG_WARN_SUSPICIOUS_MOVE = YES;
				CLANG_WARN_UNGUARDED_AVAILABILITY = YES_AGGRESSIVE;
				CLANG_WARN_UNREACHABLE_CODE = YES;
				CLANG_WARN__DUPLICATE_METHOD_MATCH = YES;
				COPY_PHASE_STRIP = NO;
				DEBUG_INFORMATION_FORMAT = dwarf;
				ENABLE_STRICT_OBJC_MSGSEND = YES;
				ENABLE_TESTABILITY = YES;
				GCC_C_LANGUAGE_STANDARD = gnu11;
				GCC_DYNAMIC_NO_PIC = NO;
				GCC_NO_COMMON_BLOCKS = YES;
				GCC_OPTIMIZATION_LEVEL = 0;
				GCC_PREPROCESSOR_DEFINITIONS = (
					"DEBUG=1",
					"$(inherited)",
				);
				GCC_WARN_64_TO_32_BIT_CONVERSION = YES;
				GCC_WARN_ABOUT_RETURN_TYPE = YES_ERROR;
				GCC_WARN_UNDECLARED_SELECTOR = YES;
				GCC_WARN_UNINITIALIZED_AUTOS = YES_AGGRESSIVE;
				GCC_WARN_UNUSED_FUNCTION = YES;
				GCC_WARN_UNUSED_VARIABLE = YES;
				MACOSX_DEPLOYMENT_TARGET = 10.15;
				MTL_ENABLE_DEBUG_INFO = INCLUDE_SOURCE;
				MTL_FAST_MATH = YES;
				ONLY_ACTIVE_ARCH = YES;
				SDKROOT = macosx;
			};
			name = Debug;
		};
		3039EAB6255D9E6C0052138E /* Release */ = {
			isa = XCBuildConfiguration;
			buildSettings = {
				ALWAYS_SEARCH_USER_PATHS = NO;
				CLANG_ANALYZER_NONNULL = YES;
				CLANG_ANALYZER_NUMBER_OBJECT_CONVERSION = YES_AGGRESSIVE;
				CLANG_CXX_LANGUAGE_STANDARD = "gnu++14";
				CLANG_CXX_LIBRARY = "libc++";
				CLANG_ENABLE_MODULES = YES;
				CLANG_ENABLE_OBJC_ARC = YES;
				CLANG_ENABLE_OBJC_WEAK = YES;
				CLANG_WARN_BLOCK_CAPTURE_AUTORELEASING = YES;
				CLANG_WARN_BOOL_CONVERSION = YES;
				CLANG_WARN_COMMA = YES;
				CLANG_WARN_CONSTANT_CONVERSION = YES;
				CLANG_WARN_DEPRECATED_OBJC_IMPLEMENTATIONS = YES;
				CLANG_WARN_DIRECT_OBJC_ISA_USAGE = YES_ERROR;
				CLANG_WARN_DOCUMENTATION_COMMENTS = YES;
				CLANG_WARN_EMPTY_BODY = YES;
				CLANG_WARN_ENUM_CONVERSION = YES;
				CLANG_WARN_INFINITE_RECURSION = YES;
				CLANG_WARN_INT_CONVERSION = YES;
				CLANG_WARN_NON_LITERAL_NULL_CONVERSION = YES;
				CLANG_WARN_OBJC_IMPLICIT_RETAIN_SELF = YES;
				CLANG_WARN_OBJC_LITERAL_CONVERSION = YES;
				CLANG_WARN_OBJC_ROOT_CLASS = YES_ERROR;
				CLANG_WARN_RANGE_LOOP_ANALYSIS = YES;
				CLANG_WARN_STRICT_PROTOTYPES = YES;
				CLANG_WARN_SUSPICIOUS_MOVE = YES;
				CLANG_WARN_UNGUARDED_AVAILABILITY = YES_AGGRESSIVE;
				CLANG_WARN_UNREACHABLE_CODE = YES;
				CLANG_WARN__DUPLICATE_METHOD_MATCH = YES;
				COPY_PHASE_STRIP = NO;
				DEBUG_INFORMATION_FORMAT = "dwarf-with-dsym";
				ENABLE_NS_ASSERTIONS = NO;
				ENABLE_STRICT_OBJC_MSGSEND = YES;
				GCC_C_LANGUAGE_STANDARD = gnu11;
				GCC_NO_COMMON_BLOCKS = YES;
				GCC_WARN_64_TO_32_BIT_CONVERSION = YES;
				GCC_WARN_ABOUT_RETURN_TYPE = YES_ERROR;
				GCC_WARN_UNDECLARED_SELECTOR = YES;
				GCC_WARN_UNINITIALIZED_AUTOS = YES_AGGRESSIVE;
				GCC_WARN_UNUSED_FUNCTION = YES;
				GCC_WARN_UNUSED_VARIABLE = YES;
				MACOSX_DEPLOYMENT_TARGET = 10.15;
				MTL_ENABLE_DEBUG_INFO = NO;
				MTL_FAST_MATH = YES;
				SDKROOT = macosx;
			};
			name = Release;
		};
		3039EAB8255D9E6C0052138E /* Debug */ = {
			isa = XCBuildConfiguration;
			buildSettings = {
				ALWAYS_SEARCH_USER_PATHS = NO;
				CODE_SIGN_STYLE = Automatic;
				FRAMEWORK_SEARCH_PATHS = (
					"$(inherited)",
					"$(LOCAL_LIBRARY_DIR)/Frameworks",
				);
				"HEADER_SEARCH_PATHS[arch=*]" = (
					/Library/Frameworks/SDL2.framework/Headers,
					/Library/Frameworks/SDL2_image.framework/Headers,
				);
				PRODUCT_NAME = "$(TARGET_NAME)";
			};
			name = Debug;
		};
		3039EAB9255D9E6C0052138E /* Release */ = {
			isa = XCBuildConfiguration;
			buildSettings = {
				ALWAYS_SEARCH_USER_PATHS = NO;
				CODE_SIGN_STYLE = Automatic;
				FRAMEWORK_SEARCH_PATHS = (
					"$(inherited)",
					"$(LOCAL_LIBRARY_DIR)/Frameworks",
				);
				"HEADER_SEARCH_PATHS[arch=*]" = (
					/Library/Frameworks/SDL2.framework/Headers,
					/Library/Frameworks/SDL2_image.framework/Headers,
				);
				PRODUCT_NAME = "$(TARGET_NAME)";
			};
			name = Release;
		};
/* End XCBuildConfiguration section */

/* Begin XCConfigurationList section */
		3039EAAB255D9E6B0052138E /* Build configuration list for PBXProject "SDL_tutorial" */ = {
			isa = XCConfigurationList;
			buildConfigurations = (
				3039EAB5255D9E6C0052138E /* Debug */,
				3039EAB6255D9E6C0052138E /* Release */,
			);
			defaultConfigurationIsVisible = 0;
			defaultConfigurationName = Release;
		};
		3039EAB7255D9E6C0052138E /* Build configuration list for PBXNativeTarget "SDL_tutorial" */ = {
			isa = XCConfigurationList;
			buildConfigurations = (
				3039EAB8255D9E6C0052138E /* Debug */,
				3039EAB9255D9E6C0052138E /* Release */,
			);
			defaultConfigurationIsVisible = 0;
			defaultConfigurationName = Release;
		};
/* End XCConfigurationList section */
	};
	rootObject = 3039EAA8255D9E6B0052138E /* Project object */;
}
